# This file is automatically @generated by Poetry 1.8.2 and should not be changed by hand.

[[package]]
name = "colorama"
version = "0.4.6"
description = "Cross-platform colored terminal text."
optional = false
python-versions = "!=3.0.*,!=3.1.*,!=3.2.*,!=3.3.*,!=3.4.*,!=3.5.*,!=3.6.*,>=2.7"
files = [
    { file = "colorama-0.4.6-py2.py3-none-any.whl", hash = "sha256:4f1d9991f5acc0ca119f9d443620b77f9d6b33703e51011c16baf57afb285fc6" },
    { file = "colorama-0.4.6.tar.gz", hash = "sha256:08695f5cb7ed6e0531a20572697297273c47b8cae5a63ffc6d6ed5c201be6e44" },
]

[[package]]
name = "loguru"
version = "0.7.3"
description = "Python logging made (stupidly) simple"
optional = false
python-versions = "<4.0,>=3.5"
files = [
    { file = "loguru-0.7.3-py3-none-any.whl", hash = "sha256:31a33c10c8e1e10422bfd431aeb5d351c7cf7fa671e3c4df004162264b28220c" },
    { file = "loguru-0.7.3.tar.gz", hash = "sha256:19480589e77d47b8d85b2c827ad95d49bf31b0dcde16593892eb51dd18706eb6" },
]

[package.dependencies]
colorama = { version = ">=0.3.4", markers = "sys_platform == \"win32\"" }
win32-setctime = { version = ">=1.0.0", markers = "sys_platform == \"win32\"" }

[package.extras]
dev = ["Sphinx (==8.1.3)", "build (==1.2.2)", "colorama (==0.4.5)", "colorama (==0.4.6)", "exceptiongroup (==1.1.3)", "freezegun (==1.1.0)", "freezegun (==1.5.0)", "mypy (==v0.910)", "mypy (==v0.971)", "mypy (==v1.13.0)", "mypy (==v1.4.1)", "myst-parser (==4.0.0)", "pre-commit (==4.0.1)", "pytest (==6.1.2)", "pytest (==8.3.2)", "pytest-cov (==2.12.1)", "pytest-cov (==5.0.0)", "pytest-cov (==6.0.0)", "pytest-mypy-plugins (==1.9.3)", "pytest-mypy-plugins (==3.1.0)", "sphinx-rtd-theme (==3.0.2)", "tox (==3.27.1)", "tox (==4.23.2)", "twine (==6.0.1)"]

[[package]]
name = "markdown-it-py"
version = "3.0.0"
description = "Python port of markdown-it. Markdown parsing, done right!"
optional = false
python-versions = ">=3.8"
files = [
    {file = "markdown-it-py-3.0.0.tar.gz", hash = "sha256:e3f60a94fa066dc52ec76661e37c851cb232d92f9886b15cb560aaada2df8feb"},
    {file = "markdown_it_py-3.0.0-py3-none-any.whl", hash = "sha256:355216845c60bd96232cd8d8c40e8f9765cc86f46880e43a8fd22dc1a1a8cab1"},
]

[package.dependencies]
mdurl = ">=0.1,<1.0"

[package.extras]
benchmarking = ["psutil", "pytest", "pytest-benchmark"]
code-style = ["pre-commit (>=3.0,<4.0)"]
compare = ["commonmark (>=0.9,<1.0)", "markdown (>=3.4,<4.0)", "mistletoe (>=1.0,<2.0)", "mistune (>=2.0,<3.0)", "panflute (>=2.3,<3.0)"]
linkify = ["linkify-it-py (>=1,<3)"]
plugins = ["mdit-py-plugins"]
profiling = ["gprof2dot"]
rtd = ["jupyter_sphinx", "mdit-py-plugins", "myst-parser", "pyyaml", "sphinx", "sphinx-copybutton", "sphinx-design", "sphinx_book_theme"]
testing = ["coverage", "pytest", "pytest-cov", "pytest-regressions"]

[[package]]
name = "markdown-pdf"
version = "1.3.3"
description = "Markdown to pdf renderer"
optional = false
python-versions = ">=3.8"
files = [
    { file = "markdown_pdf-1.3.3-py3-none-any.whl", hash = "sha256:0b9b425030fbe4871cbb5842a30ba8d23c6ca1f5ba40a2bb3bd4f286e17d28fc" },
    { file = "markdown_pdf-1.3.3.tar.gz", hash = "sha256:5cdb054afa20de0b590a5cbffc0569545bf3681f70263d6ffdc15adf99b515aa" },
]

[package.dependencies]
markdown-it-py = "3.0.0"
PyMuPDF = "1.24.6"

[[package]]
name = "mdurl"
version = "0.1.2"
description = "Markdown URL utilities"
optional = false
python-versions = ">=3.7"
files = [
    {file = "mdurl-0.1.2-py3-none-any.whl", hash = "sha256:84008a41e51615a49fc9966191ff91509e3c40b939176e643fd50a5c2196b8f8"},
    {file = "mdurl-0.1.2.tar.gz", hash = "sha256:bb413d29f5eea38f31dd4754dd7377d4465116fb207585f97bf925588687c1ba"},
]

[[package]]
name = "pymupdf"
version = "1.24.6"
description = "A high performance Python library for data extraction, analysis, conversion & manipulation of PDF (and other) documents."
optional = false
python-versions = ">=3.8"
files = [
    { file = "PyMuPDF-1.24.6-cp310-none-macosx_10_9_x86_64.whl", hash = "sha256:3a3689394c7ab2851be73f3c82300747e2a089dc37d563be8bda3f71c603c5c4" },
    { file = "PyMuPDF-1.24.6-cp310-none-macosx_11_0_arm64.whl", hash = "sha256:64fb6b2c00b3d3fa31c36d3735cb7694e5f459635883e02b086fdc44fb9398ee" },
    { file = "PyMuPDF-1.24.6-cp310-none-manylinux2014_x86_64.whl", hash = "sha256:83c2b34c7d6ee261e5b6db643947ec22e1aa85d3fa2ab826af50e9909c2b739f" },
    { file = "PyMuPDF-1.24.6-cp310-none-musllinux_1_2_x86_64.whl", hash = "sha256:1e0ca0051f55063e366c26bf8619784c36f796114840b0506958297d58dcfda1" },
    { file = "PyMuPDF-1.24.6-cp310-none-win32.whl", hash = "sha256:d6caebcaffba5179d3ac62df29858b88dba026ea15e987b4a619ec7e72114b7c" },
    { file = "PyMuPDF-1.24.6-cp310-none-win_amd64.whl", hash = "sha256:57f49d90c546bca7ec46c89d1d6e4c3a1c861a6f04a5e038e12cf3419532fb4d" },
    { file = "PyMuPDF-1.24.6-cp311-none-macosx_10_9_x86_64.whl", hash = "sha256:9bd685fadc2e7e94af8cd0a92adf9c84dbcf246f4471d180186087d908e0f0c4" },
    { file = "PyMuPDF-1.24.6-cp311-none-macosx_11_0_arm64.whl", hash = "sha256:cb095bae3bf9be8543128e8834d5cd9101b4ab43e3d84e58a73b8a72c93ca9a7" },
    { file = "PyMuPDF-1.24.6-cp311-none-manylinux2014_x86_64.whl", hash = "sha256:6ce5703d30ebe8d710b58d4cfd1a8c6d0627c2f9a34bf9a9a1aef2e496a5df7b" },
    { file = "PyMuPDF-1.24.6-cp311-none-musllinux_1_2_x86_64.whl", hash = "sha256:5fdccd3fdbe61f1cc93d38d9b234880b7f9d7fc703d0221198be788a74de0a77" },
    { file = "PyMuPDF-1.24.6-cp311-none-win32.whl", hash = "sha256:90856c84c8babb5692f5d64504f371eb5f147c33cd0a51724a4e1e530b7a1e4b" },
    { file = "PyMuPDF-1.24.6-cp311-none-win_amd64.whl", hash = "sha256:b0ce01fe4a3153604ded32a78e48c647f30bad80ce0a051563f11db85980da5a" },
    { file = "PyMuPDF-1.24.6-cp312-none-macosx_10_9_x86_64.whl", hash = "sha256:aee2999e8cd042ded9ff5ba4997dfbcbbb4e4f8a09c5e95c9a3c293a651a919d" },
    { file = "PyMuPDF-1.24.6-cp312-none-macosx_11_0_arm64.whl", hash = "sha256:c85b8c4e389a71d57aba4c8e6115d7f20ec3b5025018023f3360cf176bbd294a" },
    { file = "PyMuPDF-1.24.6-cp312-none-manylinux2014_x86_64.whl", hash = "sha256:64cb67a3938c32614c2ba41cbd37168223aa9983bc882dc9a6c8c6bb207ade60" },
    { file = "PyMuPDF-1.24.6-cp312-none-musllinux_1_2_x86_64.whl", hash = "sha256:7e099cc4a0deca70173692fe10b08eb486ca86222377d34bfcadb3bcb2da3ff8" },
    { file = "PyMuPDF-1.24.6-cp312-none-win32.whl", hash = "sha256:24f11aa94e606f466e11163bc4fb5ab3328236549c75c26991c6269342d8dcba" },
    { file = "PyMuPDF-1.24.6-cp312-none-win_amd64.whl", hash = "sha256:10c373c9dce565779eced2a88730229e12c57d9c388cc1e184b1565e641979f7" },
    { file = "PyMuPDF-1.24.6-cp38-none-macosx_10_9_x86_64.whl", hash = "sha256:407ae5cfc32cae18fd50c47e4a40b5cee77ffc27b285f9fa28c50d088a5d9624" },
    { file = "PyMuPDF-1.24.6-cp38-none-macosx_11_0_arm64.whl", hash = "sha256:4b62e9c088de896e962864d948da8b263f12572d89e5e65a8929bd51280a12ca" },
    { file = "PyMuPDF-1.24.6-cp38-none-manylinux2014_x86_64.whl", hash = "sha256:5073416516e97bb1323076ae295224684fb11d3ddf7d39d9c142eed824648067" },
    { file = "PyMuPDF-1.24.6-cp38-none-musllinux_1_2_x86_64.whl", hash = "sha256:71ed2e7b23d1cb50e577258e8b1dee986d8c06fca2261239c12872b6c43c40df" },
    { file = "PyMuPDF-1.24.6-cp38-none-win32.whl", hash = "sha256:c915f5b019c4fd4afa47d39ee5871440200328d11c2377a43a364f5cb70d3c0d" },
    { file = "PyMuPDF-1.24.6-cp38-none-win_amd64.whl", hash = "sha256:b9742faefcddda1ee793ef26a686370f468128ade356cd90d2ea2e01e98b07a1" },
    { file = "PyMuPDF-1.24.6-cp39-none-macosx_10_9_x86_64.whl", hash = "sha256:bb55d6ce5165c7a8eac2fdce3ba83c71a227816bbbfd3da3aa48af38ad91cced" },
    { file = "PyMuPDF-1.24.6-cp39-none-macosx_11_0_arm64.whl", hash = "sha256:fdc464085549998a88b53d49aef44312e77e1c2a5ef2d2b7b03a623b9fff982f" },
    { file = "PyMuPDF-1.24.6-cp39-none-manylinux2014_x86_64.whl", hash = "sha256:7b74e0ae95b8449069966cbeb6be8e1536f61f388ceb74ff3924f91cd788462a" },
    { file = "PyMuPDF-1.24.6-cp39-none-musllinux_1_2_x86_64.whl", hash = "sha256:e059984723e3c64c5c49b9edf481b42c50d66b5d59f50ab86d56101d8e378a02" },
    { file = "PyMuPDF-1.24.6-cp39-none-win32.whl", hash = "sha256:9b7ce753a3e6c2625963815df171f268ad4002243d1d950b246c0181183bd919" },
    { file = "PyMuPDF-1.24.6-cp39-none-win_amd64.whl", hash = "sha256:b1879e5c175cacee0cc140a7ee19dae901310b95b066a02d6a3829ccbfc4a5fa" },
    { file = "PyMuPDF-1.24.6.tar.gz", hash = "sha256:029dd99df1cebcbcd4240940809c5e373353d12e6c8483934d42f59ceacfb037" },
]

[package.dependencies]
PyMuPDFb = "1.24.6"

[[package]]
name = "pymupdfb"
version = "1.24.6"
description = "MuPDF shared libraries for PyMuPDF."
optional = false
python-versions = ">=3.8"
files = [
    { file = "PyMuPDFb-1.24.6-py3-none-macosx_10_9_x86_64.whl", hash = "sha256:21e3ed890f736def68b9a031122ae1fb854d5cb9a53aa144b6e2ca3092416a6b" },
    { file = "PyMuPDFb-1.24.6-py3-none-macosx_11_0_arm64.whl", hash = "sha256:8704d2dfadc9448ce184597d8b0f9c30143e379ac948a517f9c4db7c0c71ed51" },
    { file = "PyMuPDFb-1.24.6-py3-none-manylinux2014_aarch64.manylinux_2_17_aarch64.whl", hash = "sha256:01662584d5cfa7a91f77585f13fc23a12291cfd76a57e0a28dd5a56bf521cb2c" },
    { file = "PyMuPDFb-1.24.6-py3-none-manylinux2014_x86_64.manylinux_2_17_x86_64.whl", hash = "sha256:e1f7657353529ae3f88575c83ee49eac9adea311a034b9c97248a65cee7df0e5" },
    { file = "PyMuPDFb-1.24.6-py3-none-musllinux_1_2_x86_64.whl", hash = "sha256:cebc2cedb870d1e1168e2f502eb06f05938f6df69103b0853a2b329611ec19a7" },
    { file = "PyMuPDFb-1.24.6-py3-none-win32.whl", hash = "sha256:ac4b865cd1e239db04674f85e02844a0e405f8255ee7a74dfee0d86aad0d3576" },
    { file = "PyMuPDFb-1.24.6-py3-none-win_amd64.whl", hash = "sha256:9224e088a0d3c188dea03831807789e245b812fbd071c8d498da8f7cc33142b2" },
    { file = "PyMuPDFb-1.24.6.tar.gz", hash = "sha256:f5a40b1732d65a1e519916d698858b9ce7473e23edf9001ddd085c5293d59d30" },
]

[[package]]
name = "python-dotenv"
version = "1.0.1"
description = "Read key-value pairs from a .env file and set them as environment variables"
optional = false
python-versions = ">=3.8"
files = [
    {file = "python-dotenv-1.0.1.tar.gz", hash = "sha256:e324ee90a023d808f1959c46bcbc04446a10ced277783dc6ee09987c37ec10ca"},
    {file = "python_dotenv-1.0.1-py3-none-any.whl", hash = "sha256:f7b63ef50f1b690dddf550d03497b66d609393b40b564ed0d674909a68ebf16a"},
]

[package.extras]
cli = ["click (>=5.0)"]

[[package]]
name = "win32-setctime"
version = "1.2.0"
description = "A small Python utility to set file creation time on Windows"
optional = false
python-versions = ">=3.5"
files = [
    { file = "win32_setctime-1.2.0-py3-none-any.whl", hash = "sha256:95d644c4e708aba81dc3704a116d8cbc974d70b3bdb8be1d150e36be6e9d1390" },
    { file = "win32_setctime-1.2.0.tar.gz", hash = "sha256:ae1fdf948f5640aae05c511ade119313fb6a30d7eabe25fef9764dca5873c4c0" },
]

[package.extras]
dev = ["black (>=19.3b0)", "pytest (>=4.6.2)"]

[metadata]
lock-version = "2.0"
python-versions = "^3.12"
content-hash = "acc386a91c18191e9136d9367148f214efa5ea20f9e73ccaf406c5b86340ddb4"
