# This file is automatically @generated by Poetry 1.8.2 and should not be changed by hand.

[[package]]
name = "colorama"
version = "0.4.6"
description = "Cross-platform colored terminal text."
optional = false
python-versions = "!=3.0.*,!=3.1.*,!=3.2.*,!=3.3.*,!=3.4.*,!=3.5.*,!=3.6.*,>=2.7"
files = [
    { file = "colorama-0.4.6-py2.py3-none-any.whl", hash = "sha256:4f1d9991f5acc0ca119f9d443620b77f9d6b33703e51011c16baf57afb285fc6" },
    { file = "colorama-0.4.6.tar.gz", hash = "sha256:08695f5cb7ed6e0531a20572697297273c47b8cae5a63ffc6d6ed5c201be6e44" },
]

[[package]]
name = "loguru"
version = "0.7.3"
description = "Python logging made (stupidly) simple"
optional = false
python-versions = "<4.0,>=3.5"
files = [
    { file = "loguru-0.7.3-py3-none-any.whl", hash = "sha256:31a33c10c8e1e10422bfd431aeb5d351c7cf7fa671e3c4df004162264b28220c" },
    { file = "loguru-0.7.3.tar.gz", hash = "sha256:19480589e77d47b8d85b2c827ad95d49bf31b0dcde16593892eb51dd18706eb6" },
]

[package.dependencies]
colorama = { version = ">=0.3.4", markers = "sys_platform == \"win32\"" }
win32-setctime = { version = ">=1.0.0", markers = "sys_platform == \"win32\"" }

[package.extras]
dev = ["Sphinx (==8.1.3)", "build (==1.2.2)", "colorama (==0.4.5)", "colorama (==0.4.6)", "exceptiongroup (==1.1.3)", "freezegun (==1.1.0)", "freezegun (==1.5.0)", "mypy (==v0.910)", "mypy (==v0.971)", "mypy (==v1.13.0)", "mypy (==v1.4.1)", "myst-parser (==4.0.0)", "pre-commit (==4.0.1)", "pytest (==6.1.2)", "pytest (==8.3.2)", "pytest-cov (==2.12.1)", "pytest-cov (==5.0.0)", "pytest-cov (==6.0.0)", "pytest-mypy-plugins (==1.9.3)", "pytest-mypy-plugins (==3.1.0)", "sphinx-rtd-theme (==3.0.2)", "tox (==3.27.1)", "tox (==4.23.2)", "twine (==6.0.1)"]

[[package]]
name = "markdown-it-py"
version = "3.0.0"
description = "Python port of markdown-it. Markdown parsing, done right!"
optional = false
python-versions = ">=3.8"
files = [
    {file = "markdown-it-py-3.0.0.tar.gz", hash = "sha256:e3f60a94fa066dc52ec76661e37c851cb232d92f9886b15cb560aaada2df8feb"},
    {file = "markdown_it_py-3.0.0-py3-none-any.whl", hash = "sha256:355216845c60bd96232cd8d8c40e8f9765cc86f46880e43a8fd22dc1a1a8cab1"},
]

[package.dependencies]
mdurl = ">=0.1,<1.0"

[package.extras]
benchmarking = ["psutil", "pytest", "pytest-benchmark"]
code-style = ["pre-commit (>=3.0,<4.0)"]
compare = ["commonmark (>=0.9,<1.0)", "markdown (>=3.4,<4.0)", "mistletoe (>=1.0,<2.0)", "mistune (>=2.0,<3.0)", "panflute (>=2.3,<3.0)"]
linkify = ["linkify-it-py (>=1,<3)"]
plugins = ["mdit-py-plugins"]
profiling = ["gprof2dot"]
rtd = ["jupyter_sphinx", "mdit-py-plugins", "myst-parser", "pyyaml", "sphinx", "sphinx-copybutton", "sphinx-design", "sphinx_book_theme"]
testing = ["coverage", "pytest", "pytest-cov", "pytest-regressions"]

[[package]]
name = "markdown-pdf"
version = "1.3.2"
description = "Markdown to pdf renderer"
optional = false
python-versions = ">=3.8"
files = [
    {file = "markdown_pdf-1.3.2-py3-none-any.whl", hash = "sha256:f7957218e2c7ded4f495192c138de775d0add35b49aac0b82136632c21af5dd6"},
    {file = "markdown_pdf-1.3.2.tar.gz", hash = "sha256:4f975c017f5c39984f44a3a85d88c945ed50d32c4090928aaf7a665d12f40765"},
]

[package.dependencies]
markdown-it-py = "3.0.0"
PyMuPDF = "1.24.2"

[[package]]
name = "mdurl"
version = "0.1.2"
description = "Markdown URL utilities"
optional = false
python-versions = ">=3.7"
files = [
    {file = "mdurl-0.1.2-py3-none-any.whl", hash = "sha256:84008a41e51615a49fc9966191ff91509e3c40b939176e643fd50a5c2196b8f8"},
    {file = "mdurl-0.1.2.tar.gz", hash = "sha256:bb413d29f5eea38f31dd4754dd7377d4465116fb207585f97bf925588687c1ba"},
]

[[package]]
name = "pymupdf"
version = "1.24.2"
description = "A high performance Python library for data extraction, analysis, conversion & manipulation of PDF (and other) documents."
optional = false
python-versions = ">=3.8"
files = [
    {file = "PyMuPDF-1.24.2-cp310-none-macosx_10_9_x86_64.whl", hash = "sha256:5faed2bbdfbea80db1bbaa5944888f27a672f2e10e16e61f7d4ff73429a00506"},
    {file = "PyMuPDF-1.24.2-cp310-none-macosx_11_0_arm64.whl", hash = "sha256:24c398e43a14e0e11f3515ea57875b5b0ee1a37d6dc59f921f69d8d16e881cb8"},
    {file = "PyMuPDF-1.24.2-cp310-none-manylinux2014_aarch64.whl", hash = "sha256:569336fe3c5f81f28aa9658861597e43e5716cbfa5b8d2602431095df76e0d7c"},
    {file = "PyMuPDF-1.24.2-cp310-none-manylinux2014_x86_64.whl", hash = "sha256:8fe58a024629c23847423b3294f0f160c72c72f953af53d183bd3328f954593a"},
    {file = "PyMuPDF-1.24.2-cp310-none-win32.whl", hash = "sha256:49224a558736303ed980252a704646fe9347c74bf70d0ad32530c62b8e0bfe33"},
    {file = "PyMuPDF-1.24.2-cp310-none-win_amd64.whl", hash = "sha256:a32c94c7ee45f2bfee766e5b957bdfe08c96b21fd9adbfb546c141621af0ca85"},
    {file = "PyMuPDF-1.24.2-cp311-none-macosx_10_9_x86_64.whl", hash = "sha256:815d9e10faa43a149d8c9928d7cefda83fd91a1f637dfb3a295620175a0af95c"},
    {file = "PyMuPDF-1.24.2-cp311-none-macosx_11_0_arm64.whl", hash = "sha256:b583add37141a9337935d014d4e1913b10e22d17f3fd656fdc5f0c0c2e65a33e"},
    {file = "PyMuPDF-1.24.2-cp311-none-manylinux2014_aarch64.whl", hash = "sha256:d6a4d4ad8cc698db25a31026311f03fd351c2db9bfd41d898494cd0baff3b679"},
    {file = "PyMuPDF-1.24.2-cp311-none-manylinux2014_x86_64.whl", hash = "sha256:7b5acb936203bdaef5945f211af8a5fb40f07059be1ba69a728425f6d522e60f"},
    {file = "PyMuPDF-1.24.2-cp311-none-win32.whl", hash = "sha256:d01d348a35438f8a1647334428ef23c6d947acae875fa61cac2be3a65b15e4f5"},
    {file = "PyMuPDF-1.24.2-cp311-none-win_amd64.whl", hash = "sha256:909ab62c752be80c3c130a9774fc27fb863d26149ba880129e0a2cf0d53cebde"},
    {file = "PyMuPDF-1.24.2-cp312-none-macosx_10_9_x86_64.whl", hash = "sha256:6a3c1f2e99a4ca43c97b1f43fdd1aed739910e25ee5bd7fe73cd4eaf59841ae3"},
    {file = "PyMuPDF-1.24.2-cp312-none-macosx_11_0_arm64.whl", hash = "sha256:3effff62943ceebbbe32a08ce4aa9c8ed4fa18fd8a462cf6130c78818c47822d"},
    {file = "PyMuPDF-1.24.2-cp312-none-manylinux2014_aarch64.whl", hash = "sha256:f3964783bf81f2ec94db4f9fa536052be3b7457824c9e9d21edb91f3a489a377"},
    {file = "PyMuPDF-1.24.2-cp312-none-manylinux2014_x86_64.whl", hash = "sha256:04af266755d4c250b46a3311062aec36ea94cecc4470a53ab79d9de56e5a753d"},
    {file = "PyMuPDF-1.24.2-cp312-none-win32.whl", hash = "sha256:3bd7bdda4c4e4f98989ce84a7b2c08033639a8be1b46fb064fdd65b20a7e7d03"},
    {file = "PyMuPDF-1.24.2-cp312-none-win_amd64.whl", hash = "sha256:ec2544f35088b29730210decfb0bdb750e0c3d2652ee470897f6d2e4a6dc1950"},
    {file = "PyMuPDF-1.24.2-cp38-none-macosx_10_9_x86_64.whl", hash = "sha256:d4fd3957fd507affbcae4536092cb3e3726e91d484be16972603c5cacae7848a"},
    {file = "PyMuPDF-1.24.2-cp38-none-macosx_11_0_arm64.whl", hash = "sha256:4290273dfcc58a2c0b1f207f5e25479b868f59e9ea6ac9241740506fa0c03c0a"},
    {file = "PyMuPDF-1.24.2-cp38-none-manylinux2014_aarch64.whl", hash = "sha256:8f52f27d1f5968b6dda4d803e7f5246626a45ab68f0626509a9e17fadcebfb69"},
    {file = "PyMuPDF-1.24.2-cp38-none-manylinux2014_x86_64.whl", hash = "sha256:db650840eb3efbdc97df94210d0400042c863b08348d67037495d221ec4e8b7f"},
    {file = "PyMuPDF-1.24.2-cp38-none-win32.whl", hash = "sha256:423217223741f55f9bb7622475a94c2934495e8a843246c582c78f3680914a80"},
    {file = "PyMuPDF-1.24.2-cp38-none-win_amd64.whl", hash = "sha256:ca493fbb91d81a43d68d3547194d0c86083db49d4dd98e8f41aa5a77a26ff8fe"},
    {file = "PyMuPDF-1.24.2-cp39-none-macosx_10_9_x86_64.whl", hash = "sha256:9783b67f63e7f9b397f119de996ea8214498d163531b9371d8ea7e374cdd45cd"},
    {file = "PyMuPDF-1.24.2-cp39-none-macosx_11_0_arm64.whl", hash = "sha256:4db161926d636c0bff016ac7591edbe6b30712507079f7008cefb0fdf58055dc"},
    {file = "PyMuPDF-1.24.2-cp39-none-manylinux2014_aarch64.whl", hash = "sha256:537cc7bef86514a6fa248eeb14b588f51699388628372cf31bae7839283aa628"},
    {file = "PyMuPDF-1.24.2-cp39-none-manylinux2014_x86_64.whl", hash = "sha256:a124b360898d24b730fe3be0e0bca438789c1568ceaad854387eee1886bb788c"},
    {file = "PyMuPDF-1.24.2-cp39-none-win32.whl", hash = "sha256:007586883fbc8acb900d46aa95520aaeb8943d05a956b26c54053ddb58dbdd5f"},
    {file = "PyMuPDF-1.24.2-cp39-none-win_amd64.whl", hash = "sha256:d89cbb1a093dbf042f503f5c7fc368d0718a652418512a7a42a2965cba27713d"},
    {file = "PyMuPDF-1.24.2.tar.gz", hash = "sha256:cdaca48b7677a0c1dc827413b90c8fe4517f789f74c6ac0fb47f6051368246bb"},
]

[package.dependencies]
PyMuPDFb = "1.24.1"

[[package]]
name = "pymupdfb"
version = "1.24.1"
description = "MuPDF shared libraries for PyMuPDF."
optional = false
python-versions = ">=3.8"
files = [
    {file = "PyMuPDFb-1.24.1-py3-none-macosx_10_9_x86_64.whl", hash = "sha256:37179e363bf69ce9be637937c5469957b96968341dabe3ce8f4b690a82e9ad92"},
    {file = "PyMuPDFb-1.24.1-py3-none-macosx_11_0_arm64.whl", hash = "sha256:17444ea7d6897c27759880ad76af537d19779f901de82ae9548598a70f614558"},
    {file = "PyMuPDFb-1.24.1-py3-none-manylinux2014_aarch64.manylinux_2_17_aarch64.whl", hash = "sha256:490f7fff4dbe362bc895cefdfc5030d712311d024d357a1388d64816eb215d34"},
    {file = "PyMuPDFb-1.24.1-py3-none-manylinux2014_x86_64.manylinux_2_17_x86_64.whl", hash = "sha256:0fbcc0d2a9ce79fa38eb4e8bb5c959b582f7a49938874e9f61d1a6f5eeb1e4b8"},
    {file = "PyMuPDFb-1.24.1-py3-none-win32.whl", hash = "sha256:ae67736058882cdd9459810a4aae9ac2b2e89ac2e916cb5fefb0f651c9739e9e"},
    {file = "PyMuPDFb-1.24.1-py3-none-win_amd64.whl", hash = "sha256:01c8b7f0ce9166310eb28c7aebcb8d5fe12a4bc082f9b00d580095eebeaf0af5"},
]

[[package]]
name = "python-dotenv"
version = "1.0.1"
description = "Read key-value pairs from a .env file and set them as environment variables"
optional = false
python-versions = ">=3.8"
files = [
    {file = "python-dotenv-1.0.1.tar.gz", hash = "sha256:e324ee90a023d808f1959c46bcbc04446a10ced277783dc6ee09987c37ec10ca"},
    {file = "python_dotenv-1.0.1-py3-none-any.whl", hash = "sha256:f7b63ef50f1b690dddf550d03497b66d609393b40b564ed0d674909a68ebf16a"},
]

[package.extras]
cli = ["click (>=5.0)"]

[[package]]
name = "win32-setctime"
version = "1.2.0"
description = "A small Python utility to set file creation time on Windows"
optional = false
python-versions = ">=3.5"
files = [
    { file = "win32_setctime-1.2.0-py3-none-any.whl", hash = "sha256:95d644c4e708aba81dc3704a116d8cbc974d70b3bdb8be1d150e36be6e9d1390" },
    { file = "win32_setctime-1.2.0.tar.gz", hash = "sha256:ae1fdf948f5640aae05c511ade119313fb6a30d7eabe25fef9764dca5873c4c0" },
]

[package.extras]
dev = ["black (>=19.3b0)", "pytest (>=4.6.2)"]

[metadata]
lock-version = "2.0"
python-versions = "^3.12"
content-hash = "acc386a91c18191e9136d9367148f214efa5ea20f9e73ccaf406c5b86340ddb4"
